
Microsoft Visual Studio Solution File, Format Version 12.00
# Visual Studio Version 17
VisualStudioVersion = 17.14.36429.23 d17.14
MinimumVisualStudioVersion = 10.0.40219.1
Project("{FAE04EC0-301F-11D3-BF4B-00C04F79EFBC}") = "DeletePackageVersionsAction", "DeletePackageVersionsAction.csproj", "{4205F47E-A591-4231-93C4-BA8CF0E3C538}"
EndProject
Global
	GlobalSection(SolutionConfigurationPlatforms) = preSolution
		Debug|Any CPU = Debug|Any CPU
		Release|Any CPU = Release|Any CPU
	EndGlobalSection
	GlobalSection(ProjectConfigurationPlatforms) = postSolution
		{4205F47E-A591-4231-93C4-BA8CF0E3C538}.Debug|Any CPU.ActiveCfg = Debug|Any CPU
		{4205F47E-A591-4231-93C4-BA8CF0E3C538}.Debug|Any CPU.Build.0 = Debug|Any CPU
		{4205F47E-A591-4231-93C4-BA8CF0E3C538}.Release|Any CPU.ActiveCfg = Release|Any CPU
		{4205F47E-A591-4231-93C4-BA8CF0E3C538}.Release|Any CPU.Build.0 = Release|Any CPU
	EndGlobalSection
	GlobalSection(SolutionProperties) = preSolution
		HideSolutionNode = FALSE
	EndGlobalSection
	GlobalSection(ExtensibilityGlobals) = postSolution
		SolutionGuid = {E3CCFCD3-628D-4EAD-8B74-1AE2A3ED1803}
	EndGlobalSection
EndGlobal
